
Microsoft Visual Studio Solution File, Format Version 12.00
# Visual Studio Version 16
VisualStudioVersion = 16.0.31729.503
MinimumVisualStudioVersion = 10.0.40219.1
Project("{9A19103F-16F7-4668-BE54-9A1E7A4F7556}") = "gamblingSite", "gamblingSite\gamblingSite.csproj", "{A23A5544-AD2D-4B19-8B7C-C8D3EB4E33F1}"
EndProject
Global
	GlobalSection(SolutionConfigurationPlatforms) = preSolution
		Debug|Any CPU = Debug|Any CPU
		Release|Any CPU = Release|Any CPU
	EndGlobalSection
	GlobalSection(ProjectConfigurationPlatforms) = postSolution
		{A23A5544-AD2D-4B19-8B7C-C8D3EB4E33F1}.Debug|Any CPU.ActiveCfg = Debug|Any CPU
		{A23A5544-AD2D-4B19-8B7C-C8D3EB4E33F1}.Debug|Any CPU.Build.0 = Debug|Any CPU
		{A23A5544-AD2D-4B19-8B7C-C8D3EB4E33F1}.Release|Any CPU.ActiveCfg = Release|Any CPU
		{A23A5544-AD2D-4B19-8B7C-C8D3EB4E33F1}.Release|Any CPU.Build.0 = Release|Any CPU
	EndGlobalSection
	GlobalSection(SolutionProperties) = preSolution
		HideSolutionNode = FALSE
	EndGlobalSection
	GlobalSection(ExtensibilityGlobals) = postSolution
		SolutionGuid = {6EFB4239-07D5-41EA-A9E4-D3F466D3529C}
	EndGlobalSection
EndGlobal
